// !$*UTF8*$!
{
	archiveVersion = 1;
	classes = {
	};
	objectVersion = 50;
	objects = {

/* Begin PBXBuildFile section */
		421BD24F266B386200B9ADA3 /* 桜.png in Resources */ = {isa = PBXBuildFile; fileRef = 421BD24A266B386200B9ADA3 /* 桜.png */; };
		421BD250266B386200B9ADA3 /* 木.png in Resources */ = {isa = PBXBuildFile; fileRef = 421BD24B266B386200B9ADA3 /* 木.png */; };
		421BD251266B386200B9ADA3 /* はな.png in Resources */ = {isa = PBXBuildFile; fileRef = 421BD24C266B386200B9ADA3 /* はな.png */; };
		421BD252266B386200B9ADA3 /* hert.png in Resources */ = {isa = PBXBuildFile; fileRef = 421BD24D266B386200B9ADA3 /* hert.png */; };
		421BD275266B3C4A00B9ADA3 /* hana.png in Resources */ = {isa = PBXBuildFile; fileRef = 421BD274266B3C4A00B9ADA3 /* hana.png */; };
		42CEAEAF266A38BB00D3B68D /* AppDelegate.swift in Sources */ = {isa = PBXBuildFile; fileRef = 42CEAEAE266A38BB00D3B68D /* AppDelegate.swift */; };
		42CEAEB1266A38BB00D3B68D /* SceneDelegate.swift in Sources */ = {isa = PBXBuildFile; fileRef = 42CEAEB0266A38BB00D3B68D /* SceneDelegate.swift */; };
		42CEAEB3266A38BB00D3B68D /* ViewController.swift in Sources */ = {isa = PBXBuildFile; fileRef = 42CEAEB2266A38BB00D3B68D /* ViewController.swift */; };
		42CEAEB6266A38BB00D3B68D /* Main.storyboard in Resources */ = {isa = PBXBuildFile; fileRef = 42CEAEB4266A38BB00D3B68D /* Main.storyboard */; };
		42CEAEB8266A38DD00D3B68D /* Assets.xcassets in Resources */ = {isa = PBXBuildFile; fileRef = 42CEAEB7266A38DD00D3B68D /* Assets.xcassets */; };
		42CEAEBB266A38DD00D3B68D /* LaunchScreen.storyboard in Resources */ = {isa = PBXBuildFile; fileRef = 42CEAEB9266A38DD00D3B68D /* LaunchScreen.storyboard */; };
		42CEAEC6266A38DE00D3B68D /* toucheventTests.swift in Sources */ = {isa = PBXBuildFile; fileRef = 42CEAEC5266A38DE00D3B68D /* toucheventTests.swift */; };
		42CEAED1266A38DE00D3B68D /* toucheventUITests.swift in Sources */ = {isa = PBXBuildFile; fileRef = 42CEAED0266A38DE00D3B68D /* toucheventUITests.swift */; };
/* End PBXBuildFile section */

/* Begin PBXContainerItemProxy section */
		42CEAEC2266A38DE00D3B68D /* PBXContainerItemProxy */ = {
			isa = PBXContainerItemProxy;
			containerPortal = 42CEAEA3266A38BB00D3B68D /* Project object */;
			proxyType = 1;
			remoteGlobalIDString = 42CEAEAA266A38BB00D3B68D;
			remoteInfo = touchevent;
		};
		42CEAECD266A38DE00D3B68D /* PBXContainerItemProxy */ = {
			isa = PBXContainerItemProxy;
			containerPortal = 42CEAEA3266A38BB00D3B68D /* Project object */;
			proxyType = 1;
			remoteGlobalIDString = 42CEAEAA266A38BB00D3B68D;
			remoteInfo = touchevent;
		};
/* End PBXContainerItemProxy section */

/* Begin PBXFileReference section */
		421BD24A266B386200B9ADA3 /* 桜.png */ = {isa = PBXFileReference; lastKnownFileType = image.png; path = "桜.png"; sourceTree = "<group>"; };
		421BD24B266B386200B9ADA3 /* 木.png */ = {isa = PBXFileReference; lastKnownFileType = image.png; path = "木.png"; sourceTree = "<group>"; };
		421BD24C266B386200B9ADA3 /* はな.png */ = {isa = PBXFileReference; lastKnownFileType = image.png; path = "はな.png"; sourceTree = "<group>"; };
		421BD24D266B386200B9ADA3 /* hert.png */ = {isa = PBXFileReference; lastKnownFileType = image.png; path = hert.png; sourceTree = "<group>"; };
		421BD274266B3C4A00B9ADA3 /* hana.png */ = {isa = PBXFileReference; lastKnownFileType = image.png; path = hana.png; sourceTree = "<group>"; };
		42CEAEAB266A38BB00D3B68D /* touchevent.app */ = {isa = PBXFileReference; explicitFileType = wrapper.application; includeInIndex = 0; path = touchevent.app; sourceTree = BUILT_PRODUCTS_DIR; };
		42CEAEAE266A38BB00D3B68D /* AppDelegate.swift */ = {isa = PBXFileReference; lastKnownFileType = sourcecode.swift; path = AppDelegate.swift; sourceTree = "<group>"; };
		42CEAEB0266A38BB00D3B68D /* SceneDelegate.swift */ = {isa = PBXFileReference; lastKnownFileType = sourcecode.swift; path = SceneDelegate.swift; sourceTree = "<group>"; };
		42CEAEB2266A38BB00D3B68D /* ViewController.swift */ = {isa = PBXFileReference; lastKnownFileType = sourcecode.swift; path = ViewController.swift; sourceTree = "<group>"; };
		42CEAEB5266A38BB00D3B68D /* Base */ = {isa = PBXFileReference; lastKnownFileType = file.storyboard; name = Base; path = Base.lproj/Main.storyboard; sourceTree = "<group>"; };
		42CEAEB7266A38DD00D3B68D /* Assets.xcassets */ = {isa = PBXFileReference; lastKnownFileType = folder.assetcatalog; path = Assets.xcassets; sourceTree = "<group>"; };
		42CEAEBA266A38DD00D3B68D /* Base */ = {isa = PBXFileReference; lastKnownFileType = file.storyboard; name = Base; path = Base.lproj/LaunchScreen.storyboard; sourceTree = "<group>"; };
		42CEAEBC266A38DD00D3B68D /* Info.plist */ = {isa = PBXFileReference; lastKnownFileType = text.plist.xml; path = Info.plist; sourceTree = "<group>"; };
		42CEAEC1266A38DE00D3B68D /* toucheventTests.xctest */ = {isa = PBXFileReference; explicitFileType = wrapper.cfbundle; includeInIndex = 0; path = toucheventTests.xctest; sourceTree = BUILT_PRODUCTS_DIR; };
		42CEAEC5266A38DE00D3B68D /* toucheventTests.swift */ = {isa = PBXFileReference; lastKnownFileType = sourcecode.swift; path = toucheventTests.swift; sourceTree = "<group>"; };
		42CEAEC7266A38DE00D3B68D /* Info.plist */ = {isa = PBXFileReference; lastKnownFileType = text.plist.xml; path = Info.plist; sourceTree = "<group>"; };
		42CEAECC266A38DE00D3B68D /* toucheventUITests.xctest */ = {isa = PBXFileReference; explicitFileType = wrapper.cfbundle; includeInIndex = 0; path = toucheventUITests.xctest; sourceTree = BUILT_PRODUCTS_DIR; };
		42CEAED0266A38DE00D3B68D /* toucheventUITests.swift */ = {isa = PBXFileReference; lastKnownFileType = sourcecode.swift; path = toucheventUITests.swift; sourceTree = "<group>"; };
		42CEAED2266A38DE00D3B68D /* Info.plist */ = {isa = PBXFileReference; lastKnownFileType = text.plist.xml; path = Info.plist; sourceTree = "<group>"; };
/* End PBXFileReference section */

/* Begin PBXFrameworksBuildPhase section */
		42CEAEA8266A38BB00D3B68D /* Frameworks */ = {
			isa = PBXFrameworksBuildPhase;
			buildActionMask = 2147483647;
			files = (
			);
			runOnlyForDeploymentPostprocessing = 0;
		};
		42CEAEBE266A38DE00D3B68D /* Frameworks */ = {
			isa = PBXFrameworksBuildPhase;
			buildActionMask = 2147483647;
			files = (
			);
			runOnlyForDeploymentPostprocessing = 0;
		};
		42CEAEC9266A38DE00D3B68D /* Frameworks */ = {
			isa = PBXFrameworksBuildPhase;
			buildActionMask = 2147483647;
			files = (
			);
			runOnlyForDeploymentPostprocessing = 0;
		};
/* End PBXFrameworksBuildPhase section */

/* Begin PBXGroup section */
		42CEAEA2266A38BB00D3B68D = {
			isa = PBXGroup;
			children = (
				42CEAEAD266A38BB00D3B68D /* touchevent */,
				42CEAEC4266A38DE00D3B68D /* toucheventTests */,
				42CEAECF266A38DE00D3B68D /* toucheventUITests */,
				42CEAEAC266A38BB00D3B68D /* Products */,
			);
			sourceTree = "<group>";
		};
		42CEAEAC266A38BB00D3B68D /* Products */ = {
			isa = PBXGroup;
			children = (
				42CEAEAB266A38BB00D3B68D /* touchevent.app */,
				42CEAEC1266A38DE00D3B68D /* toucheventTests.xctest */,
				42CEAECC266A38DE00D3B68D /* toucheventUITests.xctest */,
			);
			name = Products;
			sourceTree = "<group>";
		};
		42CEAEAD266A38BB00D3B68D /* touchevent */ = {
			isa = PBXGroup;
			children = (
				42CEAEE1266A3F7D00D3B68D /* Stamp素材 */,
				42CEAEAE266A38BB00D3B68D /* AppDelegate.swift */,
				42CEAEB0266A38BB00D3B68D /* SceneDelegate.swift */,
				42CEAEB2266A38BB00D3B68D /* ViewController.swift */,
				42CEAEB4266A38BB00D3B68D /* Main.storyboard */,
				42CEAEB7266A38DD00D3B68D /* Assets.xcassets */,
				42CEAEB9266A38DD00D3B68D /* LaunchScreen.storyboard */,
				42CEAEBC266A38DD00D3B68D /* Info.plist */,
			);
			path = touchevent;
			sourceTree = "<group>";
		};
		42CEAEC4266A38DE00D3B68D /* toucheventTests */ = {
			isa = PBXGroup;
			children = (
				42CEAEC5266A38DE00D3B68D /* toucheventTests.swift */,
				42CEAEC7266A38DE00D3B68D /* Info.plist */,
			);
			path = toucheventTests;
			sourceTree = "<group>";
		};
		42CEAECF266A38DE00D3B68D /* toucheventUITests */ = {
			isa = PBXGroup;
			children = (
				42CEAED0266A38DE00D3B68D /* toucheventUITests.swift */,
				42CEAED2266A38DE00D3B68D /* Info.plist */,
			);
			path = toucheventUITests;
			sourceTree = "<group>";
		};
		42CEAEE1266A3F7D00D3B68D /* Stamp素材 */ = {
			isa = PBXGroup;
			children = (
				421BD24D266B386200B9ADA3 /* hert.png */,
				421BD274266B3C4A00B9ADA3 /* hana.png */,
				421BD24C266B386200B9ADA3 /* はな.png */,
				421BD24A266B386200B9ADA3 /* 桜.png */,
				421BD24B266B386200B9ADA3 /* 木.png */,
			);
			path = "Stamp素材";
			sourceTree = "<group>";
		};
/* End PBXGroup section */

/* Begin PBXNativeTarget section */
		42CEAEAA266A38BB00D3B68D /* touchevent */ = {
			isa = PBXNativeTarget;
			buildConfigurationList = 42CEAED5266A38DE00D3B68D /* Build configuration list for PBXNativeTarget "touchevent" */;
			buildPhases = (
				42CEAEA7266A38BB00D3B68D /* Sources */,
				42CEAEA8266A38BB00D3B68D /* Frameworks */,
				42CEAEA9266A38BB00D3B68D /* Resources */,
			);
			buildRules = (
			);
			dependencies = (
			);
			name = touchevent;
			productName = touchevent;
			productReference = 42CEAEAB266A38BB00D3B68D /* touchevent.app */;
			productType = "com.apple.product-type.application";
		};
		42CEAEC0266A38DE00D3B68D /* toucheventTests */ = {
			isa = PBXNativeTarget;
			buildConfigurationList = 42CEAED8266A38DE00D3B68D /* Build configuration list for PBXNativeTarget "toucheventTests" */;
			buildPhases = (
				42CEAEBD266A38DE00D3B68D /* Sources */,
				42CEAEBE266A38DE00D3B68D /* Frameworks */,
				42CEAEBF266A38DE00D3B68D /* Resources */,
			);
			buildRules = (
			);
			dependencies = (
				42CEAEC3266A38DE00D3B68D /* PBXTargetDependency */,
			);
			name = toucheventTests;
			productName = toucheventTests;
			productReference = 42CEAEC1266A38DE00D3B68D /* toucheventTests.xctest */;
			productType = "com.apple.product-type.bundle.unit-test";
		};
		42CEAECB266A38DE00D3B68D /* toucheventUITests */ = {
			isa = PBXNativeTarget;
			buildConfigurationList = 42CEAEDB266A38DE00D3B68D /* Build configuration list for PBXNativeTarget "toucheventUITests" */;
			buildPhases = (
				42CEAEC8266A38DE00D3B68D /* Sources */,
				42CEAEC9266A38DE00D3B68D /* Frameworks */,
				42CEAECA266A38DE00D3B68D /* Resources */,
			);
			buildRules = (
			);
			dependencies = (
				42CEAECE266A38DE00D3B68D /* PBXTargetDependency */,
			);
			name = toucheventUITests;
			productName = toucheventUITests;
			productReference = 42CEAECC266A38DE00D3B68D /* toucheventUITests.xctest */;
			productType = "com.apple.product-type.bundle.ui-testing";
		};
/* End PBXNativeTarget section */

/* Begin PBXProject section */
		42CEAEA3266A38BB00D3B68D /* Project object */ = {
			isa = PBXProject;
			attributes = {
				LastSwiftUpdateCheck = 1240;
				LastUpgradeCheck = 1240;
				TargetAttributes = {
					42CEAEAA266A38BB00D3B68D = {
						CreatedOnToolsVersion = 12.4;
					};
					42CEAEC0266A38DE00D3B68D = {
						CreatedOnToolsVersion = 12.4;
						TestTargetID = 42CEAEAA266A38BB00D3B68D;
					};
					42CEAECB266A38DE00D3B68D = {
						CreatedOnToolsVersion = 12.4;
						TestTargetID = 42CEAEAA266A38BB00D3B68D;
					};
				};
			};
			buildConfigurationList = 42CEAEA6266A38BB00D3B68D /* Build configuration list for PBXProject "touchevent" */;
			compatibilityVersion = "Xcode 9.3";
			developmentRegion = en;
			hasScannedForEncodings = 0;
			knownRegions = (
				en,
				Base,
			);
			mainGroup = 42CEAEA2266A38BB00D3B68D;
			productRefGroup = 42CEAEAC266A38BB00D3B68D /* Products */;
			projectDirPath = "";
			projectRoot = "";
			targets = (
				42CEAEAA266A38BB00D3B68D /* touchevent */,
				42CEAEC0266A38DE00D3B68D /* toucheventTests */,
				42CEAECB266A38DE00D3B68D /* toucheventUITests */,
			);
		};
/* End PBXProject section */

/* Begin PBXResourcesBuildPhase section */
		42CEAEA9266A38BB00D3B68D /* Resources */ = {
			isa = PBXResourcesBuildPhase;
			buildActionMask = 2147483647;
			files = (
				421BD250266B386200B9ADA3 /* 木.png in Resources */,
				421BD24F266B386200B9ADA3 /* 桜.png in Resources */,
				421BD252266B386200B9ADA3 /* hert.png in Resources */,
				421BD275266B3C4A00B9ADA3 /* hana.png in Resources */,
				42CEAEBB266A38DD00D3B68D /* LaunchScreen.storyboard in Resources */,
				42CEAEB8266A38DD00D3B68D /* Assets.xcassets in Resources */,
				421BD251266B386200B9ADA3 /* はな.png in Resources */,
				42CEAEB6266A38BB00D3B68D /* Main.storyboard in Resources */,
			);
			runOnlyForDeploymentPostprocessing = 0;
		};
		42CEAEBF266A38DE00D3B68D /* Resources */ = {
			isa = PBXResourcesBuildPhase;
			buildActionMask = 2147483647;
			files = (
			);
			runOnlyForDeploymentPostprocessing = 0;
		};
		42CEAECA266A38DE00D3B68D /* Resources */ = {
			isa = PBXResourcesBuildPhase;
			buildActionMask = 2147483647;
			files = (
			);
			runOnlyForDeploymentPostprocessing = 0;
		};
/* End PBXResourcesBuildPhase section */

/* Begin PBXSourcesBuildPhase section */
		42CEAEA7266A38BB00D3B68D /* Sources */ = {
			isa = PBXSourcesBuildPhase;
			buildActionMask = 2147483647;
			files = (
				42CEAEB3266A38BB00D3B68D /* ViewController.swift in Sources */,
				42CEAEAF266A38BB00D3B68D /* AppDelegate.swift in Sources */,
				42CEAEB1266A38BB00D3B68D /* SceneDelegate.swift in Sources */,
			);
			runOnlyForDeploymentPostprocessing = 0;
		};
		42CEAEBD266A38DE00D3B68D /* Sources */ = {
			isa = PBXSourcesBuildPhase;
			buildActionMask = 2147483647;
			files = (
				42CEAEC6266A38DE00D3B68D /* toucheventTests.swift in Sources */,
			);
			runOnlyForDeploymentPostprocessing = 0;
		};
		42CEAEC8266A38DE00D3B68D /* Sources */ = {
			isa = PBXSourcesBuildPhase;
			buildActionMask = 2147483647;
			files = (
				42CEAED1266A38DE00D3B68D /* toucheventUITests.swift in Sources */,
			);
			runOnlyForDeploymentPostprocessing = 0;
		};
/* End PBXSourcesBuildPhase section */

/* Begin PBXTargetDependency section */
		42CEAEC3266A38DE00D3B68D /* PBXTargetDependency */ = {
			isa = PBXTargetDependency;
			target = 42CEAEAA266A38BB00D3B68D /* touchevent */;
			targetProxy = 42CEAEC2266A38DE00D3B68D /* PBXContainerItemProxy */;
		};
		42CEAECE266A38DE00D3B68D /* PBXTargetDependency */ = {
			isa = PBXTargetDependency;
			target = 42CEAEAA266A38BB00D3B68D /* touchevent */;
			targetProxy = 42CEAECD266A38DE00D3B68D /* PBXContainerItemProxy */;
		};
/* End PBXTargetDependency section */

/* Begin PBXVariantGroup section */
		42CEAEB4266A38BB00D3B68D /* Main.storyboard */ = {
			isa = PBXVariantGroup;
			children = (
				42CEAEB5266A38BB00D3B68D /* Base */,
			);
			name = Main.storyboard;
			sourceTree = "<group>";
		};
		42CEAEB9266A38DD00D3B68D /* LaunchScreen.storyboard */ = {
			isa = PBXVariantGroup;
			children = (
				42CEAEBA266A38DD00D3B68D /* Base */,
			);
			name = LaunchScreen.storyboard;
			sourceTree = "<group>";
		};
/* End PBXVariantGroup section */

/* Begin XCBuildConfiguration section */
		42CEAED3266A38DE00D3B68D /* Debug */ = {
			isa = XCBuildConfiguration;
			buildSettings = {
				ALWAYS_SEARCH_USER_PATHS = NO;
				CLANG_ANALYZER_NONNULL = YES;
				CLANG_ANALYZER_NUMBER_OBJECT_CONVERSION = YES_AGGRESSIVE;
				CLANG_CXX_LANGUAGE_STANDARD = "gnu++14";
				CLANG_CXX_LIBRARY = "libc++";
				CLANG_ENABLE_MODULES = YES;
				CLANG_ENABLE_OBJC_ARC = YES;
				CLANG_ENABLE_OBJC_WEAK = YES;
				CLANG_WARN_BLOCK_CAPTURE_AUTORELEASING = YES;
				CLANG_WARN_BOOL_CONVERSION = YES;
				CLANG_WARN_COMMA = YES;
				CLANG_WARN_CONSTANT_CONVERSION = YES;
				CLANG_WARN_DEPRECATED_OBJC_IMPLEMENTATIONS = YES;
				CLANG_WARN_DIRECT_OBJC_ISA_USAGE = YES_ERROR;
				CLANG_WARN_DOCUMENTATION_COMMENTS = YES;
				CLANG_WARN_EMPTY_BODY = YES;
				CLANG_WARN_ENUM_CONVERSION = YES;
				CLANG_WARN_INFINITE_RECURSION = YES;
				CLANG_WARN_INT_CONVERSION = YES;
				CLANG_WARN_NON_LITERAL_NULL_CONVERSION = YES;
				CLANG_WARN_OBJC_IMPLICIT_RETAIN_SELF = YES;
				CLANG_WARN_OBJC_LITERAL_CONVERSION = YES;
				CLANG_WARN_OBJC_ROOT_CLASS = YES_ERROR;
				CLANG_WARN_QUOTED_INCLUDE_IN_FRAMEWORK_HEADER = YES;
				CLANG_WARN_RANGE_LOOP_ANALYSIS = YES;
				CLANG_WARN_STRICT_PROTOTYPES = YES;
				CLANG_WARN_SUSPICIOUS_MOVE = YES;
				CLANG_WARN_UNGUARDED_AVAILABILITY = YES_AGGRESSIVE;
				CLANG_WARN_UNREACHABLE_CODE = YES;
				CLANG_WARN__DUPLICATE_METHOD_MATCH = YES;
				COPY_PHASE_STRIP = NO;
				DEBUG_INFORMATION_FORMAT = dwarf;
				ENABLE_STRICT_OBJC_MSGSEND = YES;
				ENABLE_TESTABILITY = YES;
				GCC_C_LANGUAGE_STANDARD = gnu11;
				GCC_DYNAMIC_NO_PIC = NO;
				GCC_NO_COMMON_BLOCKS = YES;
				GCC_OPTIMIZATION_LEVEL = 0;
				GCC_PREPROCESSOR_DEFINITIONS = (
					"DEBUG=1",
					"$(inherited)",
				);
				GCC_WARN_64_TO_32_BIT_CONVERSION = YES;
				GCC_WARN_ABOUT_RETURN_TYPE = YES_ERROR;
				GCC_WARN_UNDECLARED_SELECTOR = YES;
				GCC_WARN_UNINITIALIZED_AUTOS = YES_AGGRESSIVE;
				GCC_WARN_UNUSED_FUNCTION = YES;
				GCC_WARN_UNUSED_VARIABLE = YES;
				IPHONEOS_DEPLOYMENT_TARGET = 14.4;
				MTL_ENABLE_DEBUG_INFO = INCLUDE_SOURCE;
				MTL_FAST_MATH = YES;
				ONLY_ACTIVE_ARCH = YES;
				SDKROOT = iphoneos;
				SWIFT_ACTIVE_COMPILATION_CONDITIONS = DEBUG;
				SWIFT_OPTIMIZATION_LEVEL = "-Onone";
			};
			name = Debug;
		};
		42CEAED4266A38DE00D3B68D /* Release */ = {
			isa = XCBuildConfiguration;
			buildSettings = {
				ALWAYS_SEARCH_USER_PATHS = NO;
				CLANG_ANALYZER_NONNULL = YES;
				CLANG_ANALYZER_NUMBER_OBJECT_CONVERSION = YES_AGGRESSIVE;
				CLANG_CXX_LANGUAGE_STANDARD = "gnu++14";
				CLANG_CXX_LIBRARY = "libc++";
				CLANG_ENABLE_MODULES = YES;
				CLANG_ENABLE_OBJC_ARC = YES;
				CLANG_ENABLE_OBJC_WEAK = YES;
				CLANG_WARN_BLOCK_CAPTURE_AUTORELEASING = YES;
				CLANG_WARN_BOOL_CONVERSION = YES;
				CLANG_WARN_COMMA = YES;
				CLANG_WARN_CONSTANT_CONVERSION = YES;
				CLANG_WARN_DEPRECATED_OBJC_IMPLEMENTATIONS = YES;
				CLANG_WARN_DIRECT_OBJC_ISA_USAGE = YES_ERROR;
				CLANG_WARN_DOCUMENTATION_COMMENTS = YES;
				CLANG_WARN_EMPTY_BODY = YES;
				CLANG_WARN_ENUM_CONVERSION = YES;
				CLANG_WARN_INFINITE_RECURSION = YES;
				CLANG_WARN_INT_CONVERSION = YES;
				CLANG_WARN_NON_LITERAL_NULL_CONVERSION = YES;
				CLANG_WARN_OBJC_IMPLICIT_RETAIN_SELF = YES;
				CLANG_WARN_OBJC_LITERAL_CONVERSION = YES;
				CLANG_WARN_OBJC_ROOT_CLASS = YES_ERROR;
				CLANG_WARN_QUOTED_INCLUDE_IN_FRAMEWORK_HEADER = YES;
				CLANG_WARN_RANGE_LOOP_ANALYSIS = YES;
				CLANG_WARN_STRICT_PROTOTYPES = YES;
				CLANG_WARN_SUSPICIOUS_MOVE = YES;
				CLANG_WARN_UNGUARDED_AVAILABILITY = YES_AGGRESSIVE;
				CLANG_WARN_UNREACHABLE_CODE = YES;
				CLANG_WARN__DUPLICATE_METHOD_MATCH = YES;
				COPY_PHASE_STRIP = NO;
				DEBUG_INFORMATION_FORMAT = "dwarf-with-dsym";
				ENABLE_NS_ASSERTIONS = NO;
				ENABLE_STRICT_OBJC_MSGSEND = YES;
				GCC_C_LANGUAGE_STANDARD = gnu11;
				GCC_NO_COMMON_BLOCKS = YES;
				GCC_WARN_64_TO_32_BIT_CONVERSION = YES;
				GCC_WARN_ABOUT_RETURN_TYPE = YES_ERROR;
				GCC_WARN_UNDECLARED_SELECTOR = YES;
				GCC_WARN_UNINITIALIZED_AUTOS = YES_AGGRESSIVE;
				GCC_WARN_UNUSED_FUNCTION = YES;
				GCC_WARN_UNUSED_VARIABLE = YES;
				IPHONEOS_DEPLOYMENT_TARGET = 14.4;
				MTL_ENABLE_DEBUG_INFO = NO;
				MTL_FAST_MATH = YES;
				SDKROOT = iphoneos;
				SWIFT_COMPILATION_MODE = wholemodule;
				SWIFT_OPTIMIZATION_LEVEL = "-O";
				VALIDATE_PRODUCT = YES;
			};
			name = Release;
		};
		42CEAED6266A38DE00D3B68D /* Debug */ = {
			isa = XCBuildConfiguration;
			buildSettings = {
				ASSETCATALOG_COMPILER_APPICON_NAME = AppIcon;
				ASSETCATALOG_COMPILER_GLOBAL_ACCENT_COLOR_NAME = AccentColor;
				CODE_SIGN_STYLE = Automatic;
				DEVELOPMENT_TEAM = U5ZLATXR54;
				INFOPLIST_FILE = touchevent/Info.plist;
				LD_RUNPATH_SEARCH_PATHS = (
					"$(inherited)",
					"@executable_path/Frameworks",
				);
				PRODUCT_BUNDLE_IDENTIFIER = app.mizuno.lisa.touchevent;
				PRODUCT_NAME = "$(TARGET_NAME)";
				SWIFT_VERSION = 5.0;
				TARGETED_DEVICE_FAMILY = "1,2";
			};
			name = Debug;
		};
		42CEAED7266A38DE00D3B68D /* Release */ = {
			isa = XCBuildConfiguration;
			buildSettings = {
				ASSETCATALOG_COMPILER_APPICON_NAME = AppIcon;
				ASSETCATALOG_COMPILER_GLOBAL_ACCENT_COLOR_NAME = AccentColor;
				CODE_SIGN_STYLE = Automatic;
				DEVELOPMENT_TEAM = U5ZLATXR54;
				INFOPLIST_FILE = touchevent/Info.plist;
				LD_RUNPATH_SEARCH_PATHS = (
					"$(inherited)",
					"@executable_path/Frameworks",
				);
				PRODUCT_BUNDLE_IDENTIFIER = app.mizuno.lisa.touchevent;
				PRODUCT_NAME = "$(TARGET_NAME)";
				SWIFT_VERSION = 5.0;
				TARGETED_DEVICE_FAMILY = "1,2";
			};
			name = Release;
		};
		42CEAED9266A38DE00D3B68D /* Debug */ = {
			isa = XCBuildConfiguration;
			buildSettings = {
				ALWAYS_EMBED_SWIFT_STANDARD_LIBRARIES = YES;
				BUNDLE_LOADER = "$(TEST_HOST)";
				CODE_SIGN_STYLE = Automatic;
				DEVELOPMENT_TEAM = U5ZLATXR54;
				INFOPLIST_FILE = toucheventTests/Info.plist;
				IPHONEOS_DEPLOYMENT_TARGET = 14.4;
				LD_RUNPATH_SEARCH_PATHS = (
					"$(inherited)",
					"@executable_path/Frameworks",
					"@loader_path/Frameworks",
				);
				PRODUCT_BUNDLE_IDENTIFIER = app.mizuno.lisa.toucheventTests;
				PRODUCT_NAME = "$(TARGET_NAME)";
				SWIFT_VERSION = 5.0;
				TARGETED_DEVICE_FAMILY = "1,2";
				TEST_HOST = "$(BUILT_PRODUCTS_DIR)/touchevent.app/touchevent";
			};
			name = Debug;
		};
		42CEAEDA266A38DE00D3B68D /* Release */ = {
			isa = XCBuildConfiguration;
			buildSettings = {
				ALWAYS_EMBED_SWIFT_STANDARD_LIBRARIES = YES;
				BUNDLE_LOADER = "$(TEST_HOST)";
				CODE_SIGN_STYLE = Automatic;
				DEVELOPMENT_TEAM = U5ZLATXR54;
				INFOPLIST_FILE = toucheventTests/Info.plist;
				IPHONEOS_DEPLOYMENT_TARGET = 14.4;
				LD_RUNPATH_SEARCH_PATHS = (
					"$(inherited)",
					"@executable_path/Frameworks",
					"@loader_path/Frameworks",
				);
				PRODUCT_BUNDLE_IDENTIFIER = app.mizuno.lisa.toucheventTests;
				PRODUCT_NAME = "$(TARGET_NAME)";
				SWIFT_VERSION = 5.0;
				TARGETED_DEVICE_FAMILY = "1,2";
				TEST_HOST = "$(BUILT_PRODUCTS_DIR)/touchevent.app/touchevent";
			};
			name = Release;
		};
		42CEAEDC266A38DE00D3B68D /* Debug */ = {
			isa = XCBuildConfiguration;
			buildSettings = {
				ALWAYS_EMBED_SWIFT_STANDARD_LIBRARIES = YES;
				CODE_SIGN_STYLE = Automatic;
				DEVELOPMENT_TEAM = U5ZLATXR54;
				INFOPLIST_FILE = toucheventUITests/Info.plist;
				LD_RUNPATH_SEARCH_PATHS = (
					"$(inherited)",
					"@executable_path/Frameworks",
					"@loader_path/Frameworks",
				);
				PRODUCT_BUNDLE_IDENTIFIER = app.mizuno.lisa.toucheventUITests;
				PRODUCT_NAME = "$(TARGET_NAME)";
				SWIFT_VERSION = 5.0;
				TARGETED_DEVICE_FAMILY = "1,2";
				TEST_TARGET_NAME = touchevent;
			};
			name = Debug;
		};
		42CEAEDD266A38DE00D3B68D /* Release */ = {
			isa = XCBuildConfiguration;
			buildSettings = {
				ALWAYS_EMBED_SWIFT_STANDARD_LIBRARIES = YES;
				CODE_SIGN_STYLE = Automatic;
				DEVELOPMENT_TEAM = U5ZLATXR54;
				INFOPLIST_FILE = toucheventUITests/Info.plist;
				LD_RUNPATH_SEARCH_PATHS = (
					"$(inherited)",
					"@executable_path/Frameworks",
					"@loader_path/Frameworks",
				);
				PRODUCT_BUNDLE_IDENTIFIER = app.mizuno.lisa.toucheventUITests;
				PRODUCT_NAME = "$(TARGET_NAME)";
				SWIFT_VERSION = 5.0;
				TARGETED_DEVICE_FAMILY = "1,2";
				TEST_TARGET_NAME = touchevent;
			};
			name = Release;
		};
/* End XCBuildConfiguration section */

/* Begin XCConfigurationList section */
		42CEAEA6266A38BB00D3B68D /* Build configuration list for PBXProject "touchevent" */ = {
			isa = XCConfigurationList;
			buildConfigurations = (
				42CEAED3266A38DE00D3B68D /* Debug */,
				42CEAED4266A38DE00D3B68D /* Release */,
			);
			defaultConfigurationIsVisible = 0;
			defaultConfigurationName = Release;
		};
		42CEAED5266A38DE00D3B68D /* Build configuration list for PBXNativeTarget "touchevent" */ = {
			isa = XCConfigurationList;
			buildConfigurations = (
				42CEAED6266A38DE00D3B68D /* Debug */,
				42CEAED7266A38DE00D3B68D /* Release */,
			);
			defaultConfigurationIsVisible = 0;
			defaultConfigurationName = Release;
		};
		42CEAED8266A38DE00D3B68D /* Build configuration list for PBXNativeTarget "toucheventTests" */ = {
			isa = XCConfigurationList;
			buildConfigurations = (
				42CEAED9266A38DE00D3B68D /* Debug */,
				42CEAEDA266A38DE00D3B68D /* Release */,
			);
			defaultConfigurationIsVisible = 0;
			defaultConfigurationName = Release;
		};
		42CEAEDB266A38DE00D3B68D /* Build configuration list for PBXNativeTarget "toucheventUITests" */ = {
			isa = XCConfigurationList;
			buildConfigurations = (
				42CEAEDC266A38DE00D3B68D /* Debug */,
				42CEAEDD266A38DE00D3B68D /* Release */,
			);
			defaultConfigurationIsVisible = 0;
			defaultConfigurationName = Release;
		};
/* End XCConfigurationList section */
	};
	rootObject = 42CEAEA3266A38BB00D3B68D /* Project object */;
}
